
Microsoft Visual Studio Solution File, Format Version 12.00
# Visual Studio 2013
VisualStudioVersion = 12.0.40629.0
MinimumVisualStudioVersion = 10.0.40219.1
Project("{FAE04EC0-301F-11D3-BF4B-00C04F79EFBC}") = "Websites", "Websites\Websites.csproj", "{59B6118C-54DD-4190-9FB5-8FAB7370A226}"
EndProject
Project("{FAE04EC0-301F-11D3-BF4B-00C04F79EFBC}") = "Websites.Tests", "C:\Users\leon\Documents\Visual Studio 2013\Projects\Websites\Websites.Tests\Websites.Tests.csproj", "{CD575733-A750-4E52-856D-F78FABB1BB40}"
EndProject
Global
	GlobalSection(SolutionConfigurationPlatforms) = preSolution
		Debug|Any CPU = Debug|Any CPU
		Release|Any CPU = Release|Any CPU
	EndGlobalSection
	GlobalSection(ProjectConfigurationPlatforms) = postSolution
		{59B6118C-54DD-4190-9FB5-8FAB7370A226}.Debug|Any CPU.ActiveCfg = Debug|Any CPU
		{59B6118C-54DD-4190-9FB5-8FAB7370A226}.Debug|Any CPU.Build.0 = Debug|Any CPU
		{59B6118C-54DD-4190-9FB5-8FAB7370A226}.Release|Any CPU.ActiveCfg = Release|Any CPU
		{59B6118C-54DD-4190-9FB5-8FAB7370A226}.Release|Any CPU.Build.0 = Release|Any CPU
		{CD575733-A750-4E52-856D-F78FABB1BB40}.Debug|Any CPU.ActiveCfg = Debug|Any CPU
		{CD575733-A750-4E52-856D-F78FABB1BB40}.Debug|Any CPU.Build.0 = Debug|Any CPU
		{CD575733-A750-4E52-856D-F78FABB1BB40}.Release|Any CPU.ActiveCfg = Release|Any CPU
		{CD575733-A750-4E52-856D-F78FABB1BB40}.Release|Any CPU.Build.0 = Release|Any CPU
	EndGlobalSection
	GlobalSection(SolutionProperties) = preSolution
		HideSolutionNode = FALSE
	EndGlobalSection
EndGlobal
